
Microsoft Visual Studio Solution File, Format Version 12.00
# Visual Studio 15
Project("{FAE04EC0-301F-11D3-BF4B-00C04F79EFBC}") = "SteamVR", "SteamVR.csproj", "{48E281BC-E3B3-F859-5DB5-086B84294B54}"
EndProject
Project("{FAE04EC0-301F-11D3-BF4B-00C04F79EFBC}") = "Assembly-CSharp", "Assembly-CSharp.csproj", "{2DBCF3CE-E6D0-73D2-333D-8D8A1947DA39}"
EndProject
Project("{FAE04EC0-301F-11D3-BF4B-00C04F79EFBC}") = "SteamVR_Actions", "SteamVR_Actions.csproj", "{07486616-0C12-76A2-76DD-8C190B2744C9}"
EndProject
Project("{FAE04EC0-301F-11D3-BF4B-00C04F79EFBC}") = "SteamVR_Editor", "SteamVR_Editor.csproj", "{27A0E7E0-7048-C0BA-5EF2-631336A5BFF6}"
EndProject
Project("{FAE04EC0-301F-11D3-BF4B-00C04F79EFBC}") = "SteamVR_Input_Editor", "SteamVR_Input_Editor.csproj", "{152868E2-0975-2DE7-03B1-D9F3908F35E3}"
EndProject
Project("{FAE04EC0-301F-11D3-BF4B-00C04F79EFBC}") = "SteamVR_Windows_EditorHelper", "SteamVR_Windows_EditorHelper.csproj", "{32D77E74-F6F0-C127-B807-248B6009FDEF}"
EndProject
Global
	GlobalSection(SolutionConfigurationPlatforms) = preSolution
		Debug|Any CPU = Debug|Any CPU
		Release|Any CPU = Release|Any CPU
	EndGlobalSection
	GlobalSection(ProjectConfigurationPlatforms) = postSolution
		{48E281BC-E3B3-F859-5DB5-086B84294B54}.Debug|Any CPU.ActiveCfg = Debug|Any CPU
		{48E281BC-E3B3-F859-5DB5-086B84294B54}.Debug|Any CPU.Build.0 = Debug|Any CPU
		{48E281BC-E3B3-F859-5DB5-086B84294B54}.Release|Any CPU.ActiveCfg = Release|Any CPU
		{48E281BC-E3B3-F859-5DB5-086B84294B54}.Release|Any CPU.Build.0 = Release|Any CPU
		{2DBCF3CE-E6D0-73D2-333D-8D8A1947DA39}.Debug|Any CPU.ActiveCfg = Debug|Any CPU
		{2DBCF3CE-E6D0-73D2-333D-8D8A1947DA39}.Debug|Any CPU.Build.0 = Debug|Any CPU
		{2DBCF3CE-E6D0-73D2-333D-8D8A1947DA39}.Release|Any CPU.ActiveCfg = Release|Any CPU
		{2DBCF3CE-E6D0-73D2-333D-8D8A1947DA39}.Release|Any CPU.Build.0 = Release|Any CPU
		{07486616-0C12-76A2-76DD-8C190B2744C9}.Debug|Any CPU.ActiveCfg = Debug|Any CPU
		{07486616-0C12-76A2-76DD-8C190B2744C9}.Debug|Any CPU.Build.0 = Debug|Any CPU
		{07486616-0C12-76A2-76DD-8C190B2744C9}.Release|Any CPU.ActiveCfg = Release|Any CPU
		{07486616-0C12-76A2-76DD-8C190B2744C9}.Release|Any CPU.Build.0 = Release|Any CPU
		{27A0E7E0-7048-C0BA-5EF2-631336A5BFF6}.Debug|Any CPU.ActiveCfg = Debug|Any CPU
		{27A0E7E0-7048-C0BA-5EF2-631336A5BFF6}.Debug|Any CPU.Build.0 = Debug|Any CPU
		{27A0E7E0-7048-C0BA-5EF2-631336A5BFF6}.Release|Any CPU.ActiveCfg = Release|Any CPU
		{27A0E7E0-7048-C0BA-5EF2-631336A5BFF6}.Release|Any CPU.Build.0 = Release|Any CPU
		{152868E2-0975-2DE7-03B1-D9F3908F35E3}.Debug|Any CPU.ActiveCfg = Debug|Any CPU
		{152868E2-0975-2DE7-03B1-D9F3908F35E3}.Debug|Any CPU.Build.0 = Debug|Any CPU
		{152868E2-0975-2DE7-03B1-D9F3908F35E3}.Release|Any CPU.ActiveCfg = Release|Any CPU
		{152868E2-0975-2DE7-03B1-D9F3908F35E3}.Release|Any CPU.Build.0 = Release|Any CPU
		{32D77E74-F6F0-C127-B807-248B6009FDEF}.Debug|Any CPU.ActiveCfg = Debug|Any CPU
		{32D77E74-F6F0-C127-B807-248B6009FDEF}.Debug|Any CPU.Build.0 = Debug|Any CPU
		{32D77E74-F6F0-C127-B807-248B6009FDEF}.Release|Any CPU.ActiveCfg = Release|Any CPU
		{32D77E74-F6F0-C127-B807-248B6009FDEF}.Release|Any CPU.Build.0 = Release|Any CPU
	EndGlobalSection
	GlobalSection(SolutionProperties) = preSolution
		HideSolutionNode = FALSE
	EndGlobalSection
EndGlobal
